
Microsoft Visual Studio Solution File, Format Version 12.00
# Visual Studio Version 17
VisualStudioVersion = 17.12.0.0
MinimumVisualStudioVersion = 10.0.40219.1
Project("{2150E333-8FDC-42A3-9474-1A3956D46DE8}") = "src", "src", "{11111111-1111-1111-1111-111111111111}"
EndProject
Project("{2150E333-8FDC-42A3-9474-1A3956D46DE8}") = "tests", "tests", "{22222222-2222-2222-2222-222222222222}"
EndProject
Project("{FAE04EC0-301F-11D3-BF4B-00C04F79EFBC}") = "Seren.Domain", "Seren.Domain\Seren.Domain.csproj", "{A1A1A1A1-0001-0001-0001-000000000001}"
EndProject
Project("{FAE04EC0-301F-11D3-BF4B-00C04F79EFBC}") = "Seren.Contracts", "Seren.Contracts\Seren.Contracts.csproj", "{A1A1A1A1-0002-0002-0002-000000000002}"
EndProject
Project("{FAE04EC0-301F-11D3-BF4B-00C04F79EFBC}") = "Seren.Application", "Seren.Application\Seren.Application.csproj", "{A1A1A1A1-0003-0003-0003-000000000003}"
EndProject
Project("{FAE04EC0-301F-11D3-BF4B-00C04F79EFBC}") = "Seren.Infrastructure", "Seren.Infrastructure\Seren.Infrastructure.csproj", "{A1A1A1A1-0004-0004-0004-000000000004}"
EndProject
Project("{FAE04EC0-301F-11D3-BF4B-00C04F79EFBC}") = "Seren.Server.Api", "Seren.Server.Api\Seren.Server.Api.csproj", "{A1A1A1A1-0005-0005-0005-000000000005}"
EndProject
Project("{FAE04EC0-301F-11D3-BF4B-00C04F79EFBC}") = "Seren.Domain.Tests", "tests\Seren.Domain.Tests\Seren.Domain.Tests.csproj", "{B2B2B2B2-0001-0001-0001-000000000001}"
EndProject
Project("{FAE04EC0-301F-11D3-BF4B-00C04F79EFBC}") = "Seren.Application.Tests", "tests\Seren.Application.Tests\Seren.Application.Tests.csproj", "{B2B2B2B2-0002-0002-0002-000000000002}"
EndProject
Project("{FAE04EC0-301F-11D3-BF4B-00C04F79EFBC}") = "Seren.Infrastructure.Tests", "tests\Seren.Infrastructure.Tests\Seren.Infrastructure.Tests.csproj", "{B2B2B2B2-0003-0003-0003-000000000003}"
EndProject
Project("{FAE04EC0-301F-11D3-BF4B-00C04F79EFBC}") = "Seren.Server.Api.IntegrationTests", "tests\Seren.Server.Api.IntegrationTests\Seren.Server.Api.IntegrationTests.csproj", "{B2B2B2B2-0004-0004-0004-000000000004}"
EndProject
Project("{FAE04EC0-301F-11D3-BF4B-00C04F79EFBC}") = "Seren.Modules.Audio", "Seren.Modules.Audio\Seren.Modules.Audio.csproj", "{6BA4C02A-CD99-4DF3-9073-0B2EE24FF8C2}"
EndProject
Project("{FAE04EC0-301F-11D3-BF4B-00C04F79EFBC}") = "Seren.Modules.Audio.Tests", "tests\Seren.Modules.Audio.Tests\Seren.Modules.Audio.Tests.csproj", "{D15A0119-283E-424F-8BC9-E338DE02046F}"
EndProject
Global
	GlobalSection(SolutionConfigurationPlatforms) = preSolution
		Debug|Any CPU = Debug|Any CPU
		Debug|x64 = Debug|x64
		Debug|x86 = Debug|x86
		Release|Any CPU = Release|Any CPU
		Release|x64 = Release|x64
		Release|x86 = Release|x86
	EndGlobalSection
	GlobalSection(ProjectConfigurationPlatforms) = postSolution
		{A1A1A1A1-0001-0001-0001-000000000001}.Debug|Any CPU.ActiveCfg = Debug|Any CPU
		{A1A1A1A1-0001-0001-0001-000000000001}.Debug|Any CPU.Build.0 = Debug|Any CPU
		{A1A1A1A1-0001-0001-0001-000000000001}.Debug|x64.ActiveCfg = Debug|Any CPU
		{A1A1A1A1-0001-0001-0001-000000000001}.Debug|x64.Build.0 = Debug|Any CPU
		{A1A1A1A1-0001-0001-0001-000000000001}.Debug|x86.ActiveCfg = Debug|Any CPU
		{A1A1A1A1-0001-0001-0001-000000000001}.Debug|x86.Build.0 = Debug|Any CPU
		{A1A1A1A1-0001-0001-0001-000000000001}.Release|Any CPU.ActiveCfg = Release|Any CPU
		{A1A1A1A1-0001-0001-0001-000000000001}.Release|Any CPU.Build.0 = Release|Any CPU
		{A1A1A1A1-0001-0001-0001-000000000001}.Release|x64.ActiveCfg = Release|Any CPU
		{A1A1A1A1-0001-0001-0001-000000000001}.Release|x64.Build.0 = Release|Any CPU
		{A1A1A1A1-0001-0001-0001-000000000001}.Release|x86.ActiveCfg = Release|Any CPU
		{A1A1A1A1-0001-0001-0001-000000000001}.Release|x86.Build.0 = Release|Any CPU
		{A1A1A1A1-0002-0002-0002-000000000002}.Debug|Any CPU.ActiveCfg = Debug|Any CPU
		{A1A1A1A1-0002-0002-0002-000000000002}.Debug|Any CPU.Build.0 = Debug|Any CPU
		{A1A1A1A1-0002-0002-0002-000000000002}.Debug|x64.ActiveCfg = Debug|Any CPU
		{A1A1A1A1-0002-0002-0002-000000000002}.Debug|x64.Build.0 = Debug|Any CPU
		{A1A1A1A1-0002-0002-0002-000000000002}.Debug|x86.ActiveCfg = Debug|Any CPU
		{A1A1A1A1-0002-0002-0002-000000000002}.Debug|x86.Build.0 = Debug|Any CPU
		{A1A1A1A1-0002-0002-0002-000000000002}.Release|Any CPU.ActiveCfg = Release|Any CPU
		{A1A1A1A1-0002-0002-0002-000000000002}.Release|Any CPU.Build.0 = Release|Any CPU
		{A1A1A1A1-0002-0002-0002-000000000002}.Release|x64.ActiveCfg = Release|Any CPU
		{A1A1A1A1-0002-0002-0002-000000000002}.Release|x64.Build.0 = Release|Any CPU
		{A1A1A1A1-0002-0002-0002-000000000002}.Release|x86.ActiveCfg = Release|Any CPU
		{A1A1A1A1-0002-0002-0002-000000000002}.Release|x86.Build.0 = Release|Any CPU
		{A1A1A1A1-0003-0003-0003-000000000003}.Debug|Any CPU.ActiveCfg = Debug|Any CPU
		{A1A1A1A1-0003-0003-0003-000000000003}.Debug|Any CPU.Build.0 = Debug|Any CPU
		{A1A1A1A1-0003-0003-0003-000000000003}.Debug|x64.ActiveCfg = Debug|Any CPU
		{A1A1A1A1-0003-0003-0003-000000000003}.Debug|x64.Build.0 = Debug|Any CPU
		{A1A1A1A1-0003-0003-0003-000000000003}.Debug|x86.ActiveCfg = Debug|Any CPU
		{A1A1A1A1-0003-0003-0003-000000000003}.Debug|x86.Build.0 = Debug|Any CPU
		{A1A1A1A1-0003-0003-0003-000000000003}.Release|Any CPU.ActiveCfg = Release|Any CPU
		{A1A1A1A1-0003-0003-0003-000000000003}.Release|Any CPU.Build.0 = Release|Any CPU
		{A1A1A1A1-0003-0003-0003-000000000003}.Release|x64.ActiveCfg = Release|Any CPU
		{A1A1A1A1-0003-0003-0003-000000000003}.Release|x64.Build.0 = Release|Any CPU
		{A1A1A1A1-0003-0003-0003-000000000003}.Release|x86.ActiveCfg = Release|Any CPU
		{A1A1A1A1-0003-0003-0003-000000000003}.Release|x86.Build.0 = Release|Any CPU
		{A1A1A1A1-0004-0004-0004-000000000004}.Debug|Any CPU.ActiveCfg = Debug|Any CPU
		{A1A1A1A1-0004-0004-0004-000000000004}.Debug|Any CPU.Build.0 = Debug|Any CPU
		{A1A1A1A1-0004-0004-0004-000000000004}.Debug|x64.ActiveCfg = Debug|Any CPU
		{A1A1A1A1-0004-0004-0004-000000000004}.Debug|x64.Build.0 = Debug|Any CPU
		{A1A1A1A1-0004-0004-0004-000000000004}.Debug|x86.ActiveCfg = Debug|Any CPU
		{A1A1A1A1-0004-0004-0004-000000000004}.Debug|x86.Build.0 = Debug|Any CPU
		{A1A1A1A1-0004-0004-0004-000000000004}.Release|Any CPU.ActiveCfg = Release|Any CPU
		{A1A1A1A1-0004-0004-0004-000000000004}.Release|Any CPU.Build.0 = Release|Any CPU
		{A1A1A1A1-0004-0004-0004-000000000004}.Release|x64.ActiveCfg = Release|Any CPU
		{A1A1A1A1-0004-0004-0004-000000000004}.Release|x64.Build.0 = Release|Any CPU
		{A1A1A1A1-0004-0004-0004-000000000004}.Release|x86.ActiveCfg = Release|Any CPU
		{A1A1A1A1-0004-0004-0004-000000000004}.Release|x86.Build.0 = Release|Any CPU
		{A1A1A1A1-0005-0005-0005-000000000005}.Debug|Any CPU.ActiveCfg = Debug|Any CPU
		{A1A1A1A1-0005-0005-0005-000000000005}.Debug|Any CPU.Build.0 = Debug|Any CPU
		{A1A1A1A1-0005-0005-0005-000000000005}.Debug|x64.ActiveCfg = Debug|Any CPU
		{A1A1A1A1-0005-0005-0005-000000000005}.Debug|x64.Build.0 = Debug|Any CPU
		{A1A1A1A1-0005-0005-0005-000000000005}.Debug|x86.ActiveCfg = Debug|Any CPU
		{A1A1A1A1-0005-0005-0005-000000000005}.Debug|x86.Build.0 = Debug|Any CPU
		{A1A1A1A1-0005-0005-0005-000000000005}.Release|Any CPU.ActiveCfg = Release|Any CPU
		{A1A1A1A1-0005-0005-0005-000000000005}.Release|Any CPU.Build.0 = Release|Any CPU
		{A1A1A1A1-0005-0005-0005-000000000005}.Release|x64.ActiveCfg = Release|Any CPU
		{A1A1A1A1-0005-0005-0005-000000000005}.Release|x64.Build.0 = Release|Any CPU
		{A1A1A1A1-0005-0005-0005-000000000005}.Release|x86.ActiveCfg = Release|Any CPU
		{A1A1A1A1-0005-0005-0005-000000000005}.Release|x86.Build.0 = Release|Any CPU
		{B2B2B2B2-0001-0001-0001-000000000001}.Debug|Any CPU.ActiveCfg = Debug|Any CPU
		{B2B2B2B2-0001-0001-0001-000000000001}.Debug|Any CPU.Build.0 = Debug|Any CPU
		{B2B2B2B2-0001-0001-0001-000000000001}.Debug|x64.ActiveCfg = Debug|Any CPU
		{B2B2B2B2-0001-0001-0001-000000000001}.Debug|x64.Build.0 = Debug|Any CPU
		{B2B2B2B2-0001-0001-0001-000000000001}.Debug|x86.ActiveCfg = Debug|Any CPU
		{B2B2B2B2-0001-0001-0001-000000000001}.Debug|x86.Build.0 = Debug|Any CPU
		{B2B2B2B2-0001-0001-0001-000000000001}.Release|Any CPU.ActiveCfg = Release|Any CPU
		{B2B2B2B2-0001-0001-0001-000000000001}.Release|Any CPU.Build.0 = Release|Any CPU
		{B2B2B2B2-0001-0001-0001-000000000001}.Release|x64.ActiveCfg = Release|Any CPU
		{B2B2B2B2-0001-0001-0001-000000000001}.Release|x64.Build.0 = Release|Any CPU
		{B2B2B2B2-0001-0001-0001-000000000001}.Release|x86.ActiveCfg = Release|Any CPU
		{B2B2B2B2-0001-0001-0001-000000000001}.Release|x86.Build.0 = Release|Any CPU
		{B2B2B2B2-0002-0002-0002-000000000002}.Debug|Any CPU.ActiveCfg = Debug|Any CPU
		{B2B2B2B2-0002-0002-0002-000000000002}.Debug|Any CPU.Build.0 = Debug|Any CPU
		{B2B2B2B2-0002-0002-0002-000000000002}.Debug|x64.ActiveCfg = Debug|Any CPU
		{B2B2B2B2-0002-0002-0002-000000000002}.Debug|x64.Build.0 = Debug|Any CPU
		{B2B2B2B2-0002-0002-0002-000000000002}.Debug|x86.ActiveCfg = Debug|Any CPU
		{B2B2B2B2-0002-0002-0002-000000000002}.Debug|x86.Build.0 = Debug|Any CPU
		{B2B2B2B2-0002-0002-0002-000000000002}.Release|Any CPU.ActiveCfg = Release|Any CPU
		{B2B2B2B2-0002-0002-0002-000000000002}.Release|Any CPU.Build.0 = Release|Any CPU
		{B2B2B2B2-0002-0002-0002-000000000002}.Release|x64.ActiveCfg = Release|Any CPU
		{B2B2B2B2-0002-0002-0002-000000000002}.Release|x64.Build.0 = Release|Any CPU
		{B2B2B2B2-0002-0002-0002-000000000002}.Release|x86.ActiveCfg = Release|Any CPU
		{B2B2B2B2-0002-0002-0002-000000000002}.Release|x86.Build.0 = Release|Any CPU
		{B2B2B2B2-0003-0003-0003-000000000003}.Debug|Any CPU.ActiveCfg = Debug|Any CPU
		{B2B2B2B2-0003-0003-0003-000000000003}.Debug|Any CPU.Build.0 = Debug|Any CPU
		{B2B2B2B2-0003-0003-0003-000000000003}.Debug|x64.ActiveCfg = Debug|Any CPU
		{B2B2B2B2-0003-0003-0003-000000000003}.Debug|x64.Build.0 = Debug|Any CPU
		{B2B2B2B2-0003-0003-0003-000000000003}.Debug|x86.ActiveCfg = Debug|Any CPU
		{B2B2B2B2-0003-0003-0003-000000000003}.Debug|x86.Build.0 = Debug|Any CPU
		{B2B2B2B2-0003-0003-0003-000000000003}.Release|Any CPU.ActiveCfg = Release|Any CPU
		{B2B2B2B2-0003-0003-0003-000000000003}.Release|Any CPU.Build.0 = Release|Any CPU
		{B2B2B2B2-0003-0003-0003-000000000003}.Release|x64.ActiveCfg = Release|Any CPU
		{B2B2B2B2-0003-0003-0003-000000000003}.Release|x64.Build.0 = Release|Any CPU
		{B2B2B2B2-0003-0003-0003-000000000003}.Release|x86.ActiveCfg = Release|Any CPU
		{B2B2B2B2-0003-0003-0003-000000000003}.Release|x86.Build.0 = Release|Any CPU
		{B2B2B2B2-0004-0004-0004-000000000004}.Debug|Any CPU.ActiveCfg = Debug|Any CPU
		{B2B2B2B2-0004-0004-0004-000000000004}.Debug|Any CPU.Build.0 = Debug|Any CPU
		{B2B2B2B2-0004-0004-0004-000000000004}.Debug|x64.ActiveCfg = Debug|Any CPU
		{B2B2B2B2-0004-0004-0004-000000000004}.Debug|x64.Build.0 = Debug|Any CPU
		{B2B2B2B2-0004-0004-0004-000000000004}.Debug|x86.ActiveCfg = Debug|Any CPU
		{B2B2B2B2-0004-0004-0004-000000000004}.Debug|x86.Build.0 = Debug|Any CPU
		{B2B2B2B2-0004-0004-0004-000000000004}.Release|Any CPU.ActiveCfg = Release|Any CPU
		{B2B2B2B2-0004-0004-0004-000000000004}.Release|Any CPU.Build.0 = Release|Any CPU
		{B2B2B2B2-0004-0004-0004-000000000004}.Release|x64.ActiveCfg = Release|Any CPU
		{B2B2B2B2-0004-0004-0004-000000000004}.Release|x64.Build.0 = Release|Any CPU
		{B2B2B2B2-0004-0004-0004-000000000004}.Release|x86.ActiveCfg = Release|Any CPU
		{B2B2B2B2-0004-0004-0004-000000000004}.Release|x86.Build.0 = Release|Any CPU
		{6BA4C02A-CD99-4DF3-9073-0B2EE24FF8C2}.Debug|Any CPU.ActiveCfg = Debug|Any CPU
		{6BA4C02A-CD99-4DF3-9073-0B2EE24FF8C2}.Debug|Any CPU.Build.0 = Debug|Any CPU
		{6BA4C02A-CD99-4DF3-9073-0B2EE24FF8C2}.Debug|x64.ActiveCfg = Debug|Any CPU
		{6BA4C02A-CD99-4DF3-9073-0B2EE24FF8C2}.Debug|x64.Build.0 = Debug|Any CPU
		{6BA4C02A-CD99-4DF3-9073-0B2EE24FF8C2}.Debug|x86.ActiveCfg = Debug|Any CPU
		{6BA4C02A-CD99-4DF3-9073-0B2EE24FF8C2}.Debug|x86.Build.0 = Debug|Any CPU
		{6BA4C02A-CD99-4DF3-9073-0B2EE24FF8C2}.Release|Any CPU.ActiveCfg = Release|Any CPU
		{6BA4C02A-CD99-4DF3-9073-0B2EE24FF8C2}.Release|Any CPU.Build.0 = Release|Any CPU
		{6BA4C02A-CD99-4DF3-9073-0B2EE24FF8C2}.Release|x64.ActiveCfg = Release|Any CPU
		{6BA4C02A-CD99-4DF3-9073-0B2EE24FF8C2}.Release|x64.Build.0 = Release|Any CPU
		{6BA4C02A-CD99-4DF3-9073-0B2EE24FF8C2}.Release|x86.ActiveCfg = Release|Any CPU
		{6BA4C02A-CD99-4DF3-9073-0B2EE24FF8C2}.Release|x86.Build.0 = Release|Any CPU
		{D15A0119-283E-424F-8BC9-E338DE02046F}.Debug|Any CPU.ActiveCfg = Debug|Any CPU
		{D15A0119-283E-424F-8BC9-E338DE02046F}.Debug|Any CPU.Build.0 = Debug|Any CPU
		{D15A0119-283E-424F-8BC9-E338DE02046F}.Debug|x64.ActiveCfg = Debug|Any CPU
		{D15A0119-283E-424F-8BC9-E338DE02046F}.Debug|x64.Build.0 = Debug|Any CPU
		{D15A0119-283E-424F-8BC9-E338DE02046F}.Debug|x86.ActiveCfg = Debug|Any CPU
		{D15A0119-283E-424F-8BC9-E338DE02046F}.Debug|x86.Build.0 = Debug|Any CPU
		{D15A0119-283E-424F-8BC9-E338DE02046F}.Release|Any CPU.ActiveCfg = Release|Any CPU
		{D15A0119-283E-424F-8BC9-E338DE02046F}.Release|Any CPU.Build.0 = Release|Any CPU
		{D15A0119-283E-424F-8BC9-E338DE02046F}.Release|x64.ActiveCfg = Release|Any CPU
		{D15A0119-283E-424F-8BC9-E338DE02046F}.Release|x64.Build.0 = Release|Any CPU
		{D15A0119-283E-424F-8BC9-E338DE02046F}.Release|x86.ActiveCfg = Release|Any CPU
		{D15A0119-283E-424F-8BC9-E338DE02046F}.Release|x86.Build.0 = Release|Any CPU
	EndGlobalSection
	GlobalSection(SolutionProperties) = preSolution
		HideSolutionNode = FALSE
	EndGlobalSection
	GlobalSection(NestedProjects) = preSolution
		{A1A1A1A1-0001-0001-0001-000000000001} = {11111111-1111-1111-1111-111111111111}
		{A1A1A1A1-0002-0002-0002-000000000002} = {11111111-1111-1111-1111-111111111111}
		{A1A1A1A1-0003-0003-0003-000000000003} = {11111111-1111-1111-1111-111111111111}
		{A1A1A1A1-0004-0004-0004-000000000004} = {11111111-1111-1111-1111-111111111111}
		{A1A1A1A1-0005-0005-0005-000000000005} = {11111111-1111-1111-1111-111111111111}
		{B2B2B2B2-0001-0001-0001-000000000001} = {22222222-2222-2222-2222-222222222222}
		{B2B2B2B2-0002-0002-0002-000000000002} = {22222222-2222-2222-2222-222222222222}
		{B2B2B2B2-0003-0003-0003-000000000003} = {22222222-2222-2222-2222-222222222222}
		{B2B2B2B2-0004-0004-0004-000000000004} = {22222222-2222-2222-2222-222222222222}
		{D15A0119-283E-424F-8BC9-E338DE02046F} = {22222222-2222-2222-2222-222222222222}
	EndGlobalSection
	GlobalSection(ExtensibilityGlobals) = postSolution
		SolutionGuid = {33333333-3333-3333-3333-333333333333}
	EndGlobalSection
EndGlobal
